
Microsoft Visual Studio Solution File, Format Version 12.00
# Visual Studio Version 17
VisualStudioVersion = 17.9.34723.18
MinimumVisualStudioVersion = 10.0.40219.1
Project("{FAE04EC0-301F-11D3-BF4B-00C04F79EFBC}") = "PT3Play", "PT3Play\PT3Play.csproj", "{4BFE78B0-9C29-975B-BAFB-9E2221C12D6A}"
EndProject
Global
	GlobalSection(SolutionConfigurationPlatforms) = preSolution
		Debug|Any CPU = Debug|Any CPU
		Release|Any CPU = Release|Any CPU
	EndGlobalSection
	GlobalSection(ProjectConfigurationPlatforms) = postSolution
		{4BFE78B0-9C29-975B-BAFB-9E2221C12D6A}.Debug|Any CPU.ActiveCfg = Debug|Any CPU
		{4BFE78B0-9C29-975B-BAFB-9E2221C12D6A}.Debug|Any CPU.Build.0 = Debug|Any CPU
		{4BFE78B0-9C29-975B-BAFB-9E2221C12D6A}.Release|Any CPU.ActiveCfg = Release|Any CPU
		{4BFE78B0-9C29-975B-BAFB-9E2221C12D6A}.Release|Any CPU.Build.0 = Release|Any CPU
	EndGlobalSection
	GlobalSection(SolutionProperties) = preSolution
		HideSolutionNode = FALSE
	EndGlobalSection
	GlobalSection(ExtensibilityGlobals) = postSolution
		SolutionGuid = {FBDA533E-53E6-4CDE-8DA4-3A7EB5E666D3}
	EndGlobalSection
EndGlobal
